// !$*UTF8*$!
{
	archiveVersion = 1;
	classes = {
	};
	objectVersion = 46;
	objects = {

/* Begin PBXBuildFile section */
		B40C0629139E240200EFB9C6 /* Table.cpp in Sources */ = {isa = PBXBuildFile; fileRef = B4351403139CD1FC0092BBD2 /* Table.cpp */; };
		B40C062A139E240200EFB9C6 /* Pointer.cpp in Sources */ = {isa = PBXBuildFile; fileRef = B4351406139CD3FA0092BBD2 /* Pointer.cpp */; };
		B40C062D139E240200EFB9C6 /* PointerTable.cpp in Sources */ = {isa = PBXBuildFile; fileRef = B435140F139CD9840092BBD2 /* PointerTable.cpp */; };
		B40C062E139E240200EFB9C6 /* PointerTableDef.cpp in Sources */ = {isa = PBXBuildFile; fileRef = B4351412139CDA350092BBD2 /* PointerTableDef.cpp */; };
		B40C062F139E240200EFB9C6 /* TextBlockDef.cpp in Sources */ = {isa = PBXBuildFile; fileRef = B4351415139CDEDE0092BBD2 /* TextBlockDef.cpp */; };
		B40C0630139E240200EFB9C6 /* BytesHelper.cpp in Sources */ = {isa = PBXBuildFile; fileRef = B4351419139D10A20092BBD2 /* BytesHelper.cpp */; };
		B40C0631139E240200EFB9C6 /* TextBlock.cpp in Sources */ = {isa = PBXBuildFile; fileRef = B435141C139D142B0092BBD2 /* TextBlock.cpp */; };
		B40C0632139E242E00EFB9C6 /* liblibscript.a in Frameworks */ = {isa = PBXBuildFile; fileRef = B40C0625139E23D200EFB9C6 /* liblibscript.a */; };
		B43513FC139CD1DD0092BBD2 /* main.cpp in Sources */ = {isa = PBXBuildFile; fileRef = B43513FB139CD1DD0092BBD2 /* main.cpp */; };
		B4B3529F13CE4CE400977248 /* libxml2.dylib in Frameworks */ = {isa = PBXBuildFile; fileRef = B4B3529D13CE4B5500977248 /* libxml2.dylib */; };
/* End PBXBuildFile section */

/* Begin PBXContainerItemProxy section */
		B40C0633139E243400EFB9C6 /* PBXContainerItemProxy */ = {
			isa = PBXContainerItemProxy;
			containerPortal = B43513EE139CD1DC0092BBD2 /* Project object */;
			proxyType = 1;
			remoteGlobalIDString = B40C0624139E23D200EFB9C6;
			remoteInfo = libscript;
		};
/* End PBXContainerItemProxy section */

/* Begin PBXCopyFilesBuildPhase section */
		B43513F5139CD1DC0092BBD2 /* CopyFiles */ = {
			isa = PBXCopyFilesBuildPhase;
			buildActionMask = 2147483647;
			dstPath = /usr/share/man/man1/;
			dstSubfolderSpec = 0;
			files = (
			);
			runOnlyForDeploymentPostprocessing = 1;
		};
/* End PBXCopyFilesBuildPhase section */

/* Begin PBXFileReference section */
		B40C0625139E23D200EFB9C6 /* liblibscript.a */ = {isa = PBXFileReference; explicitFileType = archive.ar; includeInIndex = 0; path = liblibscript.a; sourceTree = BUILT_PRODUCTS_DIR; };
		B43513F7139CD1DC0092BBD2 /* script-tool */ = {isa = PBXFileReference; explicitFileType = "compiled.mach-o.executable"; includeInIndex = 0; path = "script-tool"; sourceTree = BUILT_PRODUCTS_DIR; };
		B43513FB139CD1DD0092BBD2 /* main.cpp */ = {isa = PBXFileReference; lastKnownFileType = sourcecode.cpp.cpp; lineEnding = 0; path = main.cpp; sourceTree = "<group>"; xcLanguageSpecificationIdentifier = xcode.lang.cpp; };
		B43513FD139CD1DD0092BBD2 /* script_tool.1 */ = {isa = PBXFileReference; lastKnownFileType = text.man; path = script_tool.1; sourceTree = "<group>"; };
		B4351403139CD1FC0092BBD2 /* Table.cpp */ = {isa = PBXFileReference; fileEncoding = 4; lastKnownFileType = sourcecode.cpp.cpp; path = Table.cpp; sourceTree = "<group>"; };
		B4351404139CD1FC0092BBD2 /* Table.h */ = {isa = PBXFileReference; fileEncoding = 4; lastKnownFileType = sourcecode.c.h; path = Table.h; sourceTree = "<group>"; };
		B4351406139CD3FA0092BBD2 /* Pointer.cpp */ = {isa = PBXFileReference; fileEncoding = 4; lastKnownFileType = sourcecode.cpp.cpp; lineEnding = 0; path = Pointer.cpp; sourceTree = "<group>"; xcLanguageSpecificationIdentifier = xcode.lang.cpp; };
		B4351407139CD3FA0092BBD2 /* Pointer.h */ = {isa = PBXFileReference; fileEncoding = 4; lastKnownFileType = sourcecode.c.h; lineEnding = 0; path = Pointer.h; sourceTree = "<group>"; xcLanguageSpecificationIdentifier = xcode.lang.objcpp; };
		B435140F139CD9840092BBD2 /* PointerTable.cpp */ = {isa = PBXFileReference; fileEncoding = 4; lastKnownFileType = sourcecode.cpp.cpp; path = PointerTable.cpp; sourceTree = "<group>"; };
		B4351410139CD9840092BBD2 /* PointerTable.h */ = {isa = PBXFileReference; fileEncoding = 4; lastKnownFileType = sourcecode.c.h; path = PointerTable.h; sourceTree = "<group>"; };
		B4351412139CDA350092BBD2 /* PointerTableDef.cpp */ = {isa = PBXFileReference; fileEncoding = 4; lastKnownFileType = sourcecode.cpp.cpp; path = PointerTableDef.cpp; sourceTree = "<group>"; };
		B4351413139CDA350092BBD2 /* PointerTableDef.h */ = {isa = PBXFileReference; fileEncoding = 4; lastKnownFileType = sourcecode.c.h; path = PointerTableDef.h; sourceTree = "<group>"; };
		B4351415139CDEDE0092BBD2 /* TextBlockDef.cpp */ = {isa = PBXFileReference; fileEncoding = 4; lastKnownFileType = sourcecode.cpp.cpp; path = TextBlockDef.cpp; sourceTree = "<group>"; };
		B4351416139CDEDE0092BBD2 /* TextBlockDef.h */ = {isa = PBXFileReference; fileEncoding = 4; lastKnownFileType = sourcecode.c.h; path = TextBlockDef.h; sourceTree = "<group>"; };
		B4351419139D10A20092BBD2 /* BytesHelper.cpp */ = {isa = PBXFileReference; fileEncoding = 4; lastKnownFileType = sourcecode.cpp.cpp; lineEnding = 0; path = BytesHelper.cpp; sourceTree = "<group>"; xcLanguageSpecificationIdentifier = xcode.lang.cpp; };
		B435141A139D10A30092BBD2 /* BytesHelper.h */ = {isa = PBXFileReference; fileEncoding = 4; lastKnownFileType = sourcecode.c.h; lineEnding = 0; path = BytesHelper.h; sourceTree = "<group>"; xcLanguageSpecificationIdentifier = xcode.lang.objcpp; };
		B435141C139D142B0092BBD2 /* TextBlock.cpp */ = {isa = PBXFileReference; fileEncoding = 4; lastKnownFileType = sourcecode.cpp.cpp; path = TextBlock.cpp; sourceTree = "<group>"; };
		B435141D139D142B0092BBD2 /* TextBlock.h */ = {isa = PBXFileReference; fileEncoding = 4; lastKnownFileType = sourcecode.c.h; path = TextBlock.h; sourceTree = "<group>"; };
		B435143B139D176D0092BBD2 /* libscript.h */ = {isa = PBXFileReference; fileEncoding = 4; lastKnownFileType = sourcecode.c.h; lineEnding = 0; path = libscript.h; sourceTree = "<group>"; xcLanguageSpecificationIdentifier = xcode.lang.objcpp; };
		B4B3529D13CE4B5500977248 /* libxml2.dylib */ = {isa = PBXFileReference; lastKnownFileType = "compiled.mach-o.dylib"; name = libxml2.dylib; path = usr/lib/libxml2.dylib; sourceTree = SDKROOT; };
/* End PBXFileReference section */

/* Begin PBXFrameworksBuildPhase section */
		B40C0622139E23D200EFB9C6 /* Frameworks */ = {
			isa = PBXFrameworksBuildPhase;
			buildActionMask = 2147483647;
			files = (
			);
			runOnlyForDeploymentPostprocessing = 0;
		};
		B43513F4139CD1DC0092BBD2 /* Frameworks */ = {
			isa = PBXFrameworksBuildPhase;
			buildActionMask = 2147483647;
			files = (
				B4B3529F13CE4CE400977248 /* libxml2.dylib in Frameworks */,
				B40C0632139E242E00EFB9C6 /* liblibscript.a in Frameworks */,
			);
			runOnlyForDeploymentPostprocessing = 0;
		};
/* End PBXFrameworksBuildPhase section */

/* Begin PBXGroup section */
		B43513EC139CD1DC0092BBD2 = {
			isa = PBXGroup;
			children = (
				B4B3529D13CE4B5500977248 /* libxml2.dylib */,
				B43513FA139CD1DC0092BBD2 /* script-tool */,
				B43513F8139CD1DC0092BBD2 /* Products */,
			);
			sourceTree = "<group>";
		};
		B43513F8139CD1DC0092BBD2 /* Products */ = {
			isa = PBXGroup;
			children = (
				B43513F7139CD1DC0092BBD2 /* script-tool */,
				B40C0625139E23D200EFB9C6 /* liblibscript.a */,
			);
			name = Products;
			sourceTree = "<group>";
		};
		B43513FA139CD1DC0092BBD2 /* script-tool */ = {
			isa = PBXGroup;
			children = (
				B43513FB139CD1DD0092BBD2 /* main.cpp */,
				B43513FD139CD1DD0092BBD2 /* script_tool.1 */,
				B4351418139CDF3B0092BBD2 /* libscript Sources */,
			);
			path = "script-tool";
			sourceTree = "<group>";
		};
		B4351418139CDF3B0092BBD2 /* libscript Sources */ = {
			isa = PBXGroup;
			children = (
				B4351403139CD1FC0092BBD2 /* Table.cpp */,
				B4351404139CD1FC0092BBD2 /* Table.h */,
				B4351406139CD3FA0092BBD2 /* Pointer.cpp */,
				B4351407139CD3FA0092BBD2 /* Pointer.h */,
				B435140F139CD9840092BBD2 /* PointerTable.cpp */,
				B4351410139CD9840092BBD2 /* PointerTable.h */,
				B4351412139CDA350092BBD2 /* PointerTableDef.cpp */,
				B4351413139CDA350092BBD2 /* PointerTableDef.h */,
				B4351415139CDEDE0092BBD2 /* TextBlockDef.cpp */,
				B4351416139CDEDE0092BBD2 /* TextBlockDef.h */,
				B4351419139D10A20092BBD2 /* BytesHelper.cpp */,
				B435141A139D10A30092BBD2 /* BytesHelper.h */,
				B435141C139D142B0092BBD2 /* TextBlock.cpp */,
				B435141D139D142B0092BBD2 /* TextBlock.h */,
				B435143B139D176D0092BBD2 /* libscript.h */,
			);
			name = "libscript Sources";
			sourceTree = "<group>";
		};
/* End PBXGroup section */

/* Begin PBXHeadersBuildPhase section */
		B40C0623139E23D200EFB9C6 /* Headers */ = {
			isa = PBXHeadersBuildPhase;
			buildActionMask = 2147483647;
			files = (
			);
			runOnlyForDeploymentPostprocessing = 0;
		};
/* End PBXHeadersBuildPhase section */

/* Begin PBXNativeTarget section */
		B40C0624139E23D200EFB9C6 /* libscript */ = {
			isa = PBXNativeTarget;
			buildConfigurationList = B40C0626139E23D200EFB9C6 /* Build configuration list for PBXNativeTarget "libscript" */;
			buildPhases = (
				B40C0621139E23D200EFB9C6 /* Sources */,
				B40C0622139E23D200EFB9C6 /* Frameworks */,
				B40C0623139E23D200EFB9C6 /* Headers */,
			);
			buildRules = (
			);
			dependencies = (
			);
			name = libscript;
			productName = libscript;
			productReference = B40C0625139E23D200EFB9C6 /* liblibscript.a */;
			productType = "com.apple.product-type.library.static";
		};
		B43513F6139CD1DC0092BBD2 /* script-tool */ = {
			isa = PBXNativeTarget;
			buildConfigurationList = B4351400139CD1DD0092BBD2 /* Build configuration list for PBXNativeTarget "script-tool" */;
			buildPhases = (
				B43513F3139CD1DC0092BBD2 /* Sources */,
				B43513F4139CD1DC0092BBD2 /* Frameworks */,
				B43513F5139CD1DC0092BBD2 /* CopyFiles */,
			);
			buildRules = (
			);
			dependencies = (
				B40C0634139E243400EFB9C6 /* PBXTargetDependency */,
			);
			name = "script-tool";
			productName = "script-tool";
			productReference = B43513F7139CD1DC0092BBD2 /* script-tool */;
			productType = "com.apple.product-type.tool";
		};
/* End PBXNativeTarget section */

/* Begin PBXProject section */
		B43513EE139CD1DC0092BBD2 /* Project object */ = {
			isa = PBXProject;
			attributes = {
				LastUpgradeCheck = 0420;
			};
			buildConfigurationList = B43513F1139CD1DC0092BBD2 /* Build configuration list for PBXProject "script-tool" */;
			compatibilityVersion = "Xcode 3.2";
			developmentRegion = English;
			hasScannedForEncodings = 0;
			knownRegions = (
				en,
			);
			mainGroup = B43513EC139CD1DC0092BBD2;
			productRefGroup = B43513F8139CD1DC0092BBD2 /* Products */;
			projectDirPath = "";
			projectRoot = "";
			targets = (
				B43513F6139CD1DC0092BBD2 /* script-tool */,
				B40C0624139E23D200EFB9C6 /* libscript */,
			);
		};
/* End PBXProject section */

/* Begin PBXSourcesBuildPhase section */
		B40C0621139E23D200EFB9C6 /* Sources */ = {
			isa = PBXSourcesBuildPhase;
			buildActionMask = 2147483647;
			files = (
				B40C0629139E240200EFB9C6 /* Table.cpp in Sources */,
				B40C062A139E240200EFB9C6 /* Pointer.cpp in Sources */,
				B40C062D139E240200EFB9C6 /* PointerTable.cpp in Sources */,
				B40C062E139E240200EFB9C6 /* PointerTableDef.cpp in Sources */,
				B40C062F139E240200EFB9C6 /* TextBlockDef.cpp in Sources */,
				B40C0630139E240200EFB9C6 /* BytesHelper.cpp in Sources */,
				B40C0631139E240200EFB9C6 /* TextBlock.cpp in Sources */,
			);
			runOnlyForDeploymentPostprocessing = 0;
		};
		B43513F3139CD1DC0092BBD2 /* Sources */ = {
			isa = PBXSourcesBuildPhase;
			buildActionMask = 2147483647;
			files = (
				B43513FC139CD1DD0092BBD2 /* main.cpp in Sources */,
			);
			runOnlyForDeploymentPostprocessing = 0;
		};
/* End PBXSourcesBuildPhase section */

/* Begin PBXTargetDependency section */
		B40C0634139E243400EFB9C6 /* PBXTargetDependency */ = {
			isa = PBXTargetDependency;
			target = B40C0624139E23D200EFB9C6 /* libscript */;
			targetProxy = B40C0633139E243400EFB9C6 /* PBXContainerItemProxy */;
		};
/* End PBXTargetDependency section */

/* Begin XCBuildConfiguration section */
		B40C0627139E23D200EFB9C6 /* Debug */ = {
			isa = XCBuildConfiguration;
			buildSettings = {
				ALWAYS_SEARCH_USER_PATHS = YES;
				COPY_PHASE_STRIP = NO;
				EXECUTABLE_PREFIX = lib;
				GCC_DYNAMIC_NO_PIC = NO;
				GCC_ENABLE_OBJC_EXCEPTIONS = YES;
				GCC_PREPROCESSOR_DEFINITIONS = (
					"DEBUG=1",
					"$(inherited)",
				);
				HEADER_SEARCH_PATHS = $SDK_DIR/usr/include/libxml2;
				PRODUCT_NAME = "$(TARGET_NAME)";
				USER_HEADER_SEARCH_PATHS = $SDK_DIR/usr/include/libxml2;
			};
			name = Debug;
		};
		B40C0628139E23D200EFB9C6 /* Release */ = {
			isa = XCBuildConfiguration;
			buildSettings = {
				ALWAYS_SEARCH_USER_PATHS = YES;
				COPY_PHASE_STRIP = YES;
				DEBUG_INFORMATION_FORMAT = "dwarf-with-dsym";
				EXECUTABLE_PREFIX = lib;
				GCC_ENABLE_OBJC_EXCEPTIONS = YES;
				HEADER_SEARCH_PATHS = $SDK_DIR/usr/include/libxml2;
				PRODUCT_NAME = "$(TARGET_NAME)";
				USER_HEADER_SEARCH_PATHS = $SDK_DIR/usr/include/libxml2;
			};
			name = Release;
		};
		B43513FE139CD1DD0092BBD2 /* Debug */ = {
			isa = XCBuildConfiguration;
			buildSettings = {
				ARCHS = "$(ARCHS_STANDARD_32_64_BIT)";
				GCC_C_LANGUAGE_STANDARD = gnu99;
				GCC_OPTIMIZATION_LEVEL = 0;
				GCC_PREPROCESSOR_DEFINITIONS = DEBUG;
				GCC_SYMBOLS_PRIVATE_EXTERN = NO;
				GCC_VERSION = com.apple.compilers.llvm.clang.1_0;
				GCC_WARN_64_TO_32_BIT_CONVERSION = YES;
				GCC_WARN_ABOUT_MISSING_PROTOTYPES = YES;
				GCC_WARN_ABOUT_RETURN_TYPE = YES;
				GCC_WARN_UNUSED_VARIABLE = YES;
				MACOSX_DEPLOYMENT_TARGET = 10.6;
				ONLY_ACTIVE_ARCH = YES;
				SDKROOT = macosx;
			};
			name = Debug;
		};
		B43513FF139CD1DD0092BBD2 /* Release */ = {
			isa = XCBuildConfiguration;
			buildSettings = {
				ARCHS = "$(ARCHS_STANDARD_32_64_BIT)";
				GCC_C_LANGUAGE_STANDARD = gnu99;
				GCC_VERSION = com.apple.compilers.llvm.clang.1_0;
				GCC_WARN_64_TO_32_BIT_CONVERSION = YES;
				GCC_WARN_ABOUT_MISSING_PROTOTYPES = YES;
				GCC_WARN_ABOUT_RETURN_TYPE = YES;
				GCC_WARN_UNUSED_VARIABLE = YES;
				MACOSX_DEPLOYMENT_TARGET = 10.6;
				SDKROOT = macosx;
			};
			name = Release;
		};
		B4351401139CD1DD0092BBD2 /* Debug */ = {
			isa = XCBuildConfiguration;
			buildSettings = {
				ALWAYS_SEARCH_USER_PATHS = NO;
				COPY_PHASE_STRIP = NO;
				GCC_DYNAMIC_NO_PIC = NO;
				GCC_ENABLE_OBJC_EXCEPTIONS = YES;
				HEADER_SEARCH_PATHS = $SDK_DIR/usr/include/libxml2;
				PRODUCT_NAME = "$(TARGET_NAME)";
				USER_HEADER_SEARCH_PATHS = "";
			};
			name = Debug;
		};
		B4351402139CD1DD0092BBD2 /* Release */ = {
			isa = XCBuildConfiguration;
			buildSettings = {
				ALWAYS_SEARCH_USER_PATHS = NO;
				COPY_PHASE_STRIP = YES;
				DEBUG_INFORMATION_FORMAT = "dwarf-with-dsym";
				GCC_ENABLE_OBJC_EXCEPTIONS = YES;
				HEADER_SEARCH_PATHS = $SDK_DIR/usr/include/libxml2;
				PRODUCT_NAME = "$(TARGET_NAME)";
				USER_HEADER_SEARCH_PATHS = "";
			};
			name = Release;
		};
/* End XCBuildConfiguration section */

/* Begin XCConfigurationList section */
		B40C0626139E23D200EFB9C6 /* Build configuration list for PBXNativeTarget "libscript" */ = {
			isa = XCConfigurationList;
			buildConfigurations = (
				B40C0627139E23D200EFB9C6 /* Debug */,
				B40C0628139E23D200EFB9C6 /* Release */,
			);
			defaultConfigurationIsVisible = 0;
			defaultConfigurationName = Release;
		};
		B43513F1139CD1DC0092BBD2 /* Build configuration list for PBXProject "script-tool" */ = {
			isa = XCConfigurationList;
			buildConfigurations = (
				B43513FE139CD1DD0092BBD2 /* Debug */,
				B43513FF139CD1DD0092BBD2 /* Release */,
			);
			defaultConfigurationIsVisible = 0;
			defaultConfigurationName = Release;
		};
		B4351400139CD1DD0092BBD2 /* Build configuration list for PBXNativeTarget "script-tool" */ = {
			isa = XCConfigurationList;
			buildConfigurations = (
				B4351401139CD1DD0092BBD2 /* Debug */,
				B4351402139CD1DD0092BBD2 /* Release */,
			);
			defaultConfigurationIsVisible = 0;
			defaultConfigurationName = Release;
		};
/* End XCConfigurationList section */
	};
	rootObject = B43513EE139CD1DC0092BBD2 /* Project object */;
}
